# Generated by buf. DO NOT EDIT.
version: v2
deps:
  - name: buf.build/aserto-dev/aserto
    commit: dcf473d6761e46269a8cc71a98b474e0
    digest: b5:35146e6b080542aacb1b5cfece1501a5151a9c1a02c518ae43be5b9cccaf2a4d39cb5fbd84d4d3bb3b2c2c00fec4f5599b4fa91baf00578a3fccac2cd1db5bad
  - name: buf.build/googleapis/googleapis
    commit: cc916c31859748a68fd229a3c8d7a2e8
    digest: b5:3b4e241d18fbebc6b30ff28968527af2cdd618026930d2a9666bbad2868b1aa164d20229477464691bdfd053a77b5c727468039bd1d2b550cb4151ee4c1499fe
  - name: buf.build/grpc-ecosystem/grpc-gateway
    commit: 11c9972ea0fd4c95a2c38d29bb1dc817
    digest: b5:e6568d1ba2c09b717397d7a05bc07c49de0e551294c5339b6e1f76d737835b1809c711f307e616f089c0f66b1d2851d859a56c52ee72c763e1e1873ac40530de
